
Microsoft Visual Studio Solution File, Format Version 12.00
# Visual Studio Version 16
VisualStudioVersion = 16.0.31410.357
MinimumVisualStudioVersion = 10.0.40219.1
Project("{FAE04EC0-301F-11D3-BF4B-00C04F79EFBC}") = "RB_CreateGamesList", "RB_CreateGamesList\RB_CreateGamesList.csproj", "{6B175713-07AC-4A68-8195-BC36860504A9}"
EndProject
Global
	GlobalSection(SolutionConfigurationPlatforms) = preSolution
		Debug|Any CPU = Debug|Any CPU
		Release|Any CPU = Release|Any CPU
	EndGlobalSection
	GlobalSection(ProjectConfigurationPlatforms) = postSolution
		{6B175713-07AC-4A68-8195-BC36860504A9}.Debug|Any CPU.ActiveCfg = Debug|Any CPU
		{6B175713-07AC-4A68-8195-BC36860504A9}.Debug|Any CPU.Build.0 = Debug|Any CPU
		{6B175713-07AC-4A68-8195-BC36860504A9}.Release|Any CPU.ActiveCfg = Release|Any CPU
		{6B175713-07AC-4A68-8195-BC36860504A9}.Release|Any CPU.Build.0 = Release|Any CPU
	EndGlobalSection
	GlobalSection(SolutionProperties) = preSolution
		HideSolutionNode = FALSE
	EndGlobalSection
	GlobalSection(ExtensibilityGlobals) = postSolution
		SolutionGuid = {00973737-5361-49B8-AF8C-877A0FBADD97}
	EndGlobalSection
EndGlobal
